
Microsoft Visual Studio Solution File, Format Version 12.00
# Visual Studio Version 17
VisualStudioVersion = 17.9.34728.123
MinimumVisualStudioVersion = 10.0.40219.1
Project("{9A19103F-16F7-4668-BE54-9A1E7A4F7556}") = "Currency.Exchange.API", "Currency.Exchange.API\Currency.Exchange.API.csproj", "{DA5DB670-F7C2-4087-98B2-71624E8B1F70}"
EndProject
Project("{9A19103F-16F7-4668-BE54-9A1E7A4F7556}") = "Currency.Exchange.API.Test", "Currency.Exchange.API.Test\Currency.Exchange.API.Test.csproj", "{6F587754-638F-4458-88D0-BB38E24CBE7A}"
EndProject
Project("{2150E333-8FDC-42A3-9474-1A3956D46DE8}") = "Solution Items", "Solution Items", "{90040E17-E857-4725-A640-5052D84A5FD7}"
	ProjectSection(SolutionItems) = preProject
		README.md = README.md
	EndProjectSection
EndProject
Global
	GlobalSection(SolutionConfigurationPlatforms) = preSolution
		Debug|Any CPU = Debug|Any CPU
		Release|Any CPU = Release|Any CPU
	EndGlobalSection
	GlobalSection(ProjectConfigurationPlatforms) = postSolution
		{DA5DB670-F7C2-4087-98B2-71624E8B1F70}.Debug|Any CPU.ActiveCfg = Debug|Any CPU
		{DA5DB670-F7C2-4087-98B2-71624E8B1F70}.Debug|Any CPU.Build.0 = Debug|Any CPU
		{DA5DB670-F7C2-4087-98B2-71624E8B1F70}.Release|Any CPU.ActiveCfg = Release|Any CPU
		{DA5DB670-F7C2-4087-98B2-71624E8B1F70}.Release|Any CPU.Build.0 = Release|Any CPU
		{6F587754-638F-4458-88D0-BB38E24CBE7A}.Debug|Any CPU.ActiveCfg = Debug|Any CPU
		{6F587754-638F-4458-88D0-BB38E24CBE7A}.Debug|Any CPU.Build.0 = Debug|Any CPU
		{6F587754-638F-4458-88D0-BB38E24CBE7A}.Release|Any CPU.ActiveCfg = Release|Any CPU
		{6F587754-638F-4458-88D0-BB38E24CBE7A}.Release|Any CPU.Build.0 = Release|Any CPU
	EndGlobalSection
	GlobalSection(SolutionProperties) = preSolution
		HideSolutionNode = FALSE
	EndGlobalSection
	GlobalSection(ExtensibilityGlobals) = postSolution
		SolutionGuid = {31BEA2C2-7B84-4A7B-A9E4-4DB4E9C32159}
	EndGlobalSection
EndGlobal
